
Microsoft Visual Studio Solution File, Format Version 12.00
# Visual Studio 15
Project("{FAE04EC0-301F-11D3-BF4B-00C04F79EFBC}") = "Assembly-CSharp", "Assembly-CSharp.csproj", "{FFD94494-7043-300F-1A5C-99FAF3D3DEA1}"
EndProject
Project("{FAE04EC0-301F-11D3-BF4B-00C04F79EFBC}") = "Assembly-CSharp-Editor", "Assembly-CSharp-Editor.csproj", "{4C642CD0-275F-E17D-AEDF-AA737A982AB5}"
EndProject
Global
	GlobalSection(SolutionConfigurationPlatforms) = preSolution
		Debug|Any CPU = Debug|Any CPU
		Release|Any CPU = Release|Any CPU
	EndGlobalSection
	GlobalSection(ProjectConfigurationPlatforms) = postSolution
		{FFD94494-7043-300F-1A5C-99FAF3D3DEA1}.Debug|Any CPU.ActiveCfg = Debug|Any CPU
		{FFD94494-7043-300F-1A5C-99FAF3D3DEA1}.Debug|Any CPU.Build.0 = Debug|Any CPU
		{FFD94494-7043-300F-1A5C-99FAF3D3DEA1}.Release|Any CPU.ActiveCfg = Release|Any CPU
		{FFD94494-7043-300F-1A5C-99FAF3D3DEA1}.Release|Any CPU.Build.0 = Release|Any CPU
		{4C642CD0-275F-E17D-AEDF-AA737A982AB5}.Debug|Any CPU.ActiveCfg = Debug|Any CPU
		{4C642CD0-275F-E17D-AEDF-AA737A982AB5}.Debug|Any CPU.Build.0 = Debug|Any CPU
		{4C642CD0-275F-E17D-AEDF-AA737A982AB5}.Release|Any CPU.ActiveCfg = Release|Any CPU
		{4C642CD0-275F-E17D-AEDF-AA737A982AB5}.Release|Any CPU.Build.0 = Release|Any CPU
	EndGlobalSection
	GlobalSection(SolutionProperties) = preSolution
		HideSolutionNode = FALSE
	EndGlobalSection
EndGlobal
